
Microsoft Visual Studio Solution File, Format Version 12.00
# Visual Studio 15
VisualStudioVersion = 15.0.26228.4
MinimumVisualStudioVersion = 10.0.40219.1
Project("{FAE04EC0-301F-11D3-BF4B-00C04F79EFBC}") = "ConsoleClient.ClientCredentials", "ConsoleClient.ClientCredentials\ConsoleClient.ClientCredentials.csproj", "{8EC22AA4-8E08-41C3-80DD-3DECD0C4A74A}"
EndProject
Project("{FAE04EC0-301F-11D3-BF4B-00C04F79EFBC}") = "ConsoleClient.TokenIntrospection", "ConsoleClient.TokenIntrospection\ConsoleClient.TokenIntrospection.csproj", "{CF9D9174-5ED3-4DBC-AEA3-5A14A32A130F}"
EndProject
Project("{FAE04EC0-301F-11D3-BF4B-00C04F79EFBC}") = "ServiceParameters", "ServiceParameters\ServiceParameters.csproj", "{6816CD0C-4092-4092-AB0C-9BAEF8C20191}"
EndProject
Global
	GlobalSection(SolutionConfigurationPlatforms) = preSolution
		Debug|Any CPU = Debug|Any CPU
		Release|Any CPU = Release|Any CPU
	EndGlobalSection
	GlobalSection(ProjectConfigurationPlatforms) = postSolution
		{8EC22AA4-8E08-41C3-80DD-3DECD0C4A74A}.Debug|Any CPU.ActiveCfg = Debug|Any CPU
		{8EC22AA4-8E08-41C3-80DD-3DECD0C4A74A}.Debug|Any CPU.Build.0 = Debug|Any CPU
		{8EC22AA4-8E08-41C3-80DD-3DECD0C4A74A}.Release|Any CPU.ActiveCfg = Release|Any CPU
		{8EC22AA4-8E08-41C3-80DD-3DECD0C4A74A}.Release|Any CPU.Build.0 = Release|Any CPU
		{CF9D9174-5ED3-4DBC-AEA3-5A14A32A130F}.Debug|Any CPU.ActiveCfg = Debug|Any CPU
		{CF9D9174-5ED3-4DBC-AEA3-5A14A32A130F}.Debug|Any CPU.Build.0 = Debug|Any CPU
		{CF9D9174-5ED3-4DBC-AEA3-5A14A32A130F}.Release|Any CPU.ActiveCfg = Release|Any CPU
		{CF9D9174-5ED3-4DBC-AEA3-5A14A32A130F}.Release|Any CPU.Build.0 = Release|Any CPU
		{6816CD0C-4092-4092-AB0C-9BAEF8C20191}.Debug|Any CPU.ActiveCfg = Debug|Any CPU
		{6816CD0C-4092-4092-AB0C-9BAEF8C20191}.Debug|Any CPU.Build.0 = Debug|Any CPU
		{6816CD0C-4092-4092-AB0C-9BAEF8C20191}.Release|Any CPU.ActiveCfg = Release|Any CPU
		{6816CD0C-4092-4092-AB0C-9BAEF8C20191}.Release|Any CPU.Build.0 = Release|Any CPU
	EndGlobalSection
	GlobalSection(SolutionProperties) = preSolution
		HideSolutionNode = FALSE
	EndGlobalSection
EndGlobal
